
Microsoft Visual Studio Solution File, Format Version 12.00
# Visual Studio Version 16
VisualStudioVersion = 16.0.28527.54
MinimumVisualStudioVersion = 10.0.40219.1
Project("{9A19103F-16F7-4668-BE54-9A1E7A4F7556}") = "Brook", "Brook\Brook.csproj", "{43BEFBA4-FA3A-4D37-BFA4-D99133ABA027}"
EndProject
Project("{9A19103F-16F7-4668-BE54-9A1E7A4F7556}") = "Example", "Example\Example.csproj", "{801EF092-6362-48E2-A8C1-66E384A414D4}"
EndProject
Project("{9A19103F-16F7-4668-BE54-9A1E7A4F7556}") = "Tests", "Tests\Tests.csproj", "{5828FC78-8D20-4CAA-89FE-163957988038}"
EndProject
Global
	GlobalSection(SolutionConfigurationPlatforms) = preSolution
		Debug|Any CPU = Debug|Any CPU
		Release|Any CPU = Release|Any CPU
	EndGlobalSection
	GlobalSection(ProjectConfigurationPlatforms) = postSolution
		{43BEFBA4-FA3A-4D37-BFA4-D99133ABA027}.Debug|Any CPU.ActiveCfg = Debug|Any CPU
		{43BEFBA4-FA3A-4D37-BFA4-D99133ABA027}.Debug|Any CPU.Build.0 = Debug|Any CPU
		{43BEFBA4-FA3A-4D37-BFA4-D99133ABA027}.Release|Any CPU.ActiveCfg = Release|Any CPU
		{43BEFBA4-FA3A-4D37-BFA4-D99133ABA027}.Release|Any CPU.Build.0 = Release|Any CPU
		{801EF092-6362-48E2-A8C1-66E384A414D4}.Debug|Any CPU.ActiveCfg = Debug|Any CPU
		{801EF092-6362-48E2-A8C1-66E384A414D4}.Debug|Any CPU.Build.0 = Debug|Any CPU
		{801EF092-6362-48E2-A8C1-66E384A414D4}.Release|Any CPU.ActiveCfg = Release|Any CPU
		{801EF092-6362-48E2-A8C1-66E384A414D4}.Release|Any CPU.Build.0 = Release|Any CPU
		{5828FC78-8D20-4CAA-89FE-163957988038}.Debug|Any CPU.ActiveCfg = Debug|Any CPU
		{5828FC78-8D20-4CAA-89FE-163957988038}.Debug|Any CPU.Build.0 = Debug|Any CPU
		{5828FC78-8D20-4CAA-89FE-163957988038}.Release|Any CPU.ActiveCfg = Release|Any CPU
		{5828FC78-8D20-4CAA-89FE-163957988038}.Release|Any CPU.Build.0 = Release|Any CPU
	EndGlobalSection
	GlobalSection(SolutionProperties) = preSolution
		HideSolutionNode = FALSE
	EndGlobalSection
	GlobalSection(ExtensibilityGlobals) = postSolution
		SolutionGuid = {7A371C34-9394-49A9-AE3A-3A365B92FC37}
	EndGlobalSection
EndGlobal
