
Microsoft Visual Studio Solution File, Format Version 12.00
# Visual Studio 15
VisualStudioVersion = 15.0.26730.16
MinimumVisualStudioVersion = 10.0.40219.1
Project("{9A19103F-16F7-4668-BE54-9A1E7A4F7556}") = "Brook", "Brook\Brook.csproj", "{43BEFBA4-FA3A-4D37-BFA4-D99133ABA027}"
EndProject
Project("{FAE04EC0-301F-11D3-BF4B-00C04F79EFBC}") = "DemoNetFramework", "DemoNetFramework\DemoNetFramework.csproj", "{5CDF9BD0-8CB6-4A24-B837-57FAAC1E03BD}"
EndProject
Project("{FAE04EC0-301F-11D3-BF4B-00C04F79EFBC}") = "DemoNetCore", "DemoNetCore\DemoNetCore.csproj", "{55DAE515-ED1D-425F-9434-6FA5C7CB216A}"
EndProject
Global
	GlobalSection(SolutionConfigurationPlatforms) = preSolution
		Debug|Any CPU = Debug|Any CPU
		Release|Any CPU = Release|Any CPU
	EndGlobalSection
	GlobalSection(ProjectConfigurationPlatforms) = postSolution
		{43BEFBA4-FA3A-4D37-BFA4-D99133ABA027}.Debug|Any CPU.ActiveCfg = Debug|Any CPU
		{43BEFBA4-FA3A-4D37-BFA4-D99133ABA027}.Debug|Any CPU.Build.0 = Debug|Any CPU
		{43BEFBA4-FA3A-4D37-BFA4-D99133ABA027}.Release|Any CPU.ActiveCfg = Release|Any CPU
		{43BEFBA4-FA3A-4D37-BFA4-D99133ABA027}.Release|Any CPU.Build.0 = Release|Any CPU
		{5CDF9BD0-8CB6-4A24-B837-57FAAC1E03BD}.Debug|Any CPU.ActiveCfg = Debug|Any CPU
		{5CDF9BD0-8CB6-4A24-B837-57FAAC1E03BD}.Debug|Any CPU.Build.0 = Debug|Any CPU
		{5CDF9BD0-8CB6-4A24-B837-57FAAC1E03BD}.Release|Any CPU.ActiveCfg = Release|Any CPU
		{5CDF9BD0-8CB6-4A24-B837-57FAAC1E03BD}.Release|Any CPU.Build.0 = Release|Any CPU
		{55DAE515-ED1D-425F-9434-6FA5C7CB216A}.Debug|Any CPU.ActiveCfg = Debug|Any CPU
		{55DAE515-ED1D-425F-9434-6FA5C7CB216A}.Debug|Any CPU.Build.0 = Debug|Any CPU
		{55DAE515-ED1D-425F-9434-6FA5C7CB216A}.Release|Any CPU.ActiveCfg = Release|Any CPU
		{55DAE515-ED1D-425F-9434-6FA5C7CB216A}.Release|Any CPU.Build.0 = Release|Any CPU
	EndGlobalSection
	GlobalSection(SolutionProperties) = preSolution
		HideSolutionNode = FALSE
	EndGlobalSection
	GlobalSection(ExtensibilityGlobals) = postSolution
		SolutionGuid = {7A371C34-9394-49A9-AE3A-3A365B92FC37}
	EndGlobalSection
EndGlobal
